// !$*UTF8*$!
{
	archiveVersion = 1;
	classes = {
	};
	objectVersion = 46;
	objects = {

/* Begin PBXBuildFile section */
		1A489F361DC1E65A00CFB34F /* extension_Object.swift in Sources */ = {isa = PBXBuildFile; fileRef = 1A489F351DC1E65A00CFB34F /* extension_Object.swift */; };
		1A4A8F4C1DCC51590087700E /* extension_Location.swift in Sources */ = {isa = PBXBuildFile; fileRef = 1A4A8F4A1DCC51250087700E /* extension_Location.swift */; };
		1A4A8F4D1DCC515F0087700E /* extension_Locale.swift in Sources */ = {isa = PBXBuildFile; fileRef = 1A4A8F481DCC511E0087700E /* extension_Locale.swift */; };
		1A59B0811DD0738B004947A4 /* LakestoneCore.framework in Frameworks */ = {isa = PBXBuildFile; fileRef = "_____Product_LakestoneCore" /* LakestoneCore.framework */; };
		1A68EA6B1DAF439500DC5C51 /* TestRealm.swift in Sources */ = {isa = PBXBuildFile; fileRef = 1A68EA6A1DAF439500DC5C51 /* TestRealm.swift */; };
		1A68EA6F1DAF451800DC5C51 /* Realm.framework in Frameworks */ = {isa = PBXBuildFile; fileRef = 1A68EA6D1DAF451800DC5C51 /* Realm.framework */; };
		1A68EA701DAF451800DC5C51 /* RealmSwift.framework in Frameworks */ = {isa = PBXBuildFile; fileRef = 1A68EA6E1DAF451800DC5C51 /* RealmSwift.framework */; };
		1A7C6EC11DCBFA5E0045D7C0 /* Realm.framework in Frameworks */ = {isa = PBXBuildFile; fileRef = 1A7C6EBF1DCBFA5E0045D7C0 /* Realm.framework */; };
		1A7C6EC21DCBFA5E0045D7C0 /* RealmSwift.framework in Frameworks */ = {isa = PBXBuildFile; fileRef = 1A7C6EC01DCBFA5E0045D7C0 /* RealmSwift.framework */; };
		1A9D37141DAEB32F007C0EDC /* extension_Realm.swift in Sources */ = {isa = PBXBuildFile; fileRef = 1A9D37131DAEB32F007C0EDC /* extension_Realm.swift */; };
		1A9D37161DAF30F1007C0EDC /* extension_Results.swift in Sources */ = {isa = PBXBuildFile; fileRef = 1A9D37151DAF30F1007C0EDC /* extension_Results.swift */; };
		1A9D371C1DAF380C007C0EDC /* extension_Query.swift in Sources */ = {isa = PBXBuildFile; fileRef = 1A9D371B1DAF380C007C0EDC /* extension_Query.swift */; };
		1AAA008E1DB9BE2B00D2164D /* alliases.swift in Sources */ = {isa = PBXBuildFile; fileRef = 1AAA00681DB9BDFD00D2164D /* alliases.swift */; };
		1AAA008F1DB9BE2B00D2164D /* AnyFileOrDirectory.swift in Sources */ = {isa = PBXBuildFile; fileRef = 1AAA00691DB9BDFD00D2164D /* AnyFileOrDirectory.swift */; };
		1AAA00901DB9BE2B00D2164D /* AnyNumeric.swift in Sources */ = {isa = PBXBuildFile; fileRef = 1AAA006A1DB9BDFD00D2164D /* AnyNumeric.swift */; };
		1AAA00911DB9BE2B00D2164D /* BoxedNumber.swift in Sources */ = {isa = PBXBuildFile; fileRef = 1AAA006B1DB9BDFD00D2164D /* BoxedNumber.swift */; };
		1AAA00921DB9BE2B00D2164D /* CustomSerialization.swift in Sources */ = {isa = PBXBuildFile; fileRef = 1AAA006C1DB9BDFD00D2164D /* CustomSerialization.swift */; };
		1AAA00931DB9BE2B00D2164D /* Directory.swift in Sources */ = {isa = PBXBuildFile; fileRef = 1AAA006D1DB9BDFD00D2164D /* Directory.swift */; };
		1AAA00941DB9BE2B00D2164D /* extension_Data.swift in Sources */ = {isa = PBXBuildFile; fileRef = 1AAA006E1DB9BDFD00D2164D /* extension_Data.swift */; };
		1AAA00951DB9BE2B00D2164D /* extension_Date.swift in Sources */ = {isa = PBXBuildFile; fileRef = 1AAA006F1DB9BDFD00D2164D /* extension_Date.swift */; };
		1AAA00961DB9BE2B00D2164D /* extension_Image.swift in Sources */ = {isa = PBXBuildFile; fileRef = 1AAA00701DB9BDFD00D2164D /* extension_Image.swift */; };
		1AAA00971DB9BE2C00D2164D /* extension_String.swift in Sources */ = {isa = PBXBuildFile; fileRef = 1AAA00711DB9BDFD00D2164D /* extension_String.swift */; };
		1AAA00981DB9BE2C00D2164D /* extension_URL.swift in Sources */ = {isa = PBXBuildFile; fileRef = 1AAA00721DB9BDFD00D2164D /* extension_URL.swift */; };
		1AAA00991DB9BE2C00D2164D /* extension_UUID.swift in Sources */ = {isa = PBXBuildFile; fileRef = 1AAA00731DB9BDFD00D2164D /* extension_UUID.swift */; };
		1AAA009A1DB9BE2C00D2164D /* File.swift in Sources */ = {isa = PBXBuildFile; fileRef = 1AAA00741DB9BDFD00D2164D /* File.swift */; };
		1AAA009B1DB9BE2C00D2164D /* HTTP.swift in Sources */ = {isa = PBXBuildFile; fileRef = 1AAA00751DB9BDFD00D2164D /* HTTP.swift */; };
		1AAA009C1DB9BE2C00D2164D /* JSONSerialization.swift in Sources */ = {isa = PBXBuildFile; fileRef = 1AAA00761DB9BDFD00D2164D /* JSONSerialization.swift */; };
		1AAA009D1DB9BE2C00D2164D /* LakestoneError.swift in Sources */ = {isa = PBXBuildFile; fileRef = 1AAA00771DB9BDFD00D2164D /* LakestoneError.swift */; };
		1AAA009F1DB9BE2C00D2164D /* PersistentPropertyList.swift in Sources */ = {isa = PBXBuildFile; fileRef = 1AAA00791DB9BDFD00D2164D /* PersistentPropertyList.swift */; };
		1AAA00A01DB9BE2C00D2164D /* Threading.swift in Sources */ = {isa = PBXBuildFile; fileRef = 1AAA007A1DB9BDFD00D2164D /* Threading.swift */; };
		1AAA00A21DBA0B1400D2164D /* extension_List.swift in Sources */ = {isa = PBXBuildFile; fileRef = 1AAA00A11DBA0B1400D2164D /* extension_List.swift */; };
		_LinkFileRef_LakestoneCore_via_LakestoneRealmTests /* LakestoneCore.framework in Frameworks */ = {isa = PBXBuildFile; fileRef = "_____Product_LakestoneCore" /* LakestoneCore.framework */; };
		_LinkFileRef_LakestoneRealm_via_LakestoneRealmTests /* LakestoneRealm.framework in Frameworks */ = {isa = PBXBuildFile; fileRef = "_____Product_LakestoneRealm" /* LakestoneRealm.framework */; };
		_LinkFileRef_PerfectCURL_via_LakestoneCore /* PerfectCURL.framework in Frameworks */ = {isa = PBXBuildFile; fileRef = "_____Product_PerfectCURL" /* PerfectCURL.framework */; };
		_LinkFileRef_PerfectCURL_via_LakestoneRealm /* PerfectCURL.framework in Frameworks */ = {isa = PBXBuildFile; fileRef = "_____Product_PerfectCURL" /* PerfectCURL.framework */; };
		_LinkFileRef_PerfectCURL_via_LakestoneRealmTests /* PerfectCURL.framework in Frameworks */ = {isa = PBXBuildFile; fileRef = "_____Product_PerfectCURL" /* PerfectCURL.framework */; };
		_LinkFileRef_PerfectThread_via_LakestoneCore /* PerfectThread.framework in Frameworks */ = {isa = PBXBuildFile; fileRef = "_____Product_PerfectThread" /* PerfectThread.framework */; };
		_LinkFileRef_PerfectThread_via_LakestoneRealm /* PerfectThread.framework in Frameworks */ = {isa = PBXBuildFile; fileRef = "_____Product_PerfectThread" /* PerfectThread.framework */; };
		_LinkFileRef_PerfectThread_via_LakestoneRealmTests /* PerfectThread.framework in Frameworks */ = {isa = PBXBuildFile; fileRef = "_____Product_PerfectThread" /* PerfectThread.framework */; };
		_LinkFileRef_PerfectThread_via_PerfectCURL /* PerfectThread.framework in Frameworks */ = {isa = PBXBuildFile; fileRef = "_____Product_PerfectThread" /* PerfectThread.framework */; };
		"__src_cc_ref_Packages/PerfectCURL-0.100.1/Sources/cURL.swift" /* cURL.swift in Sources */ = {isa = PBXBuildFile; fileRef = "__PBXFileRef_Packages/PerfectCURL-0.100.1/Sources/cURL.swift" /* cURL.swift */; };
		"__src_cc_ref_Packages/PerfectThread-0.100.1/Sources/ThreadQueue.swift" /* ThreadQueue.swift in Sources */ = {isa = PBXBuildFile; fileRef = "__PBXFileRef_Packages/PerfectThread-0.100.1/Sources/ThreadQueue.swift" /* ThreadQueue.swift */; };
		"__src_cc_ref_Packages/PerfectThread-0.100.1/Sources/Threading.swift" /* Threading.swift in Sources */ = {isa = PBXBuildFile; fileRef = "__PBXFileRef_Packages/PerfectThread-0.100.1/Sources/Threading.swift" /* Threading.swift */; };
		__src_cc_ref_Sources/test.swift /* alliases.swift in Sources */ = {isa = PBXBuildFile; fileRef = __PBXFileRef_Sources/test.swift /* alliases.swift */; };
		__src_cc_ref_Tests/LakestoneRealmTests/testUtilities.swift /* testUtilities.swift in Sources */ = {isa = PBXBuildFile; fileRef = __PBXFileRef_Tests/LakestoneRealmTests/testUtilities.swift /* testUtilities.swift */; };
/* End PBXBuildFile section */

/* Begin PBXContainerItemProxy section */
		1A9D370F1DAEAB0E007C0EDC /* PBXContainerItemProxy */ = {
			isa = PBXContainerItemProxy;
			containerPortal = __RootObject_ /* Project object */;
			proxyType = 1;
			remoteGlobalIDString = "______Target_PerfectThread";
			remoteInfo = PerfectThread;
		};
		1A9D37101DAEAB0E007C0EDC /* PBXContainerItemProxy */ = {
			isa = PBXContainerItemProxy;
			containerPortal = __RootObject_ /* Project object */;
			proxyType = 1;
			remoteGlobalIDString = "______Target_PerfectCURL";
			remoteInfo = PerfectCURL;
		};
		1A9D37111DAEAB0E007C0EDC /* PBXContainerItemProxy */ = {
			isa = PBXContainerItemProxy;
			containerPortal = __RootObject_ /* Project object */;
			proxyType = 1;
			remoteGlobalIDString = "______Target_LakestoneCore";
			remoteInfo = LakestoneCore;
		};
		1A9D37121DAEAB0E007C0EDC /* PBXContainerItemProxy */ = {
			isa = PBXContainerItemProxy;
			containerPortal = __RootObject_ /* Project object */;
			proxyType = 1;
			remoteGlobalIDString = "______Target_LakestoneRealm";
			remoteInfo = LakestoneRealm;
		};
/* End PBXContainerItemProxy section */

/* Begin PBXFileReference section */
		1A489F351DC1E65A00CFB34F /* extension_Object.swift */ = {isa = PBXFileReference; fileEncoding = 4; lastKnownFileType = sourcecode.swift; path = extension_Object.swift; sourceTree = "<group>"; };
		1A4A8F461DCC50F60087700E /* LakestoneCore.framework */ = {isa = PBXFileReference; lastKnownFileType = wrapper.framework; name = LakestoneCore.framework; path = ../geoBingAnKit/build/Debug/LakestoneCore.framework; sourceTree = "<group>"; };
		1A4A8F481DCC511E0087700E /* extension_Locale.swift */ = {isa = PBXFileReference; fileEncoding = 4; lastKnownFileType = sourcecode.swift; path = extension_Locale.swift; sourceTree = "<group>"; };
		1A4A8F4A1DCC51250087700E /* extension_Location.swift */ = {isa = PBXFileReference; fileEncoding = 4; lastKnownFileType = sourcecode.swift; path = extension_Location.swift; sourceTree = "<group>"; };
		1A68EA6A1DAF439500DC5C51 /* TestRealm.swift */ = {isa = PBXFileReference; fileEncoding = 4; lastKnownFileType = sourcecode.swift; path = TestRealm.swift; sourceTree = "<group>"; };
		1A68EA6D1DAF451800DC5C51 /* Realm.framework */ = {isa = PBXFileReference; lastKnownFileType = wrapper.framework; name = Realm.framework; path = "realm-swift/osx/swift-3.0/Realm.framework"; sourceTree = "<group>"; };
		1A68EA6E1DAF451800DC5C51 /* RealmSwift.framework */ = {isa = PBXFileReference; lastKnownFileType = wrapper.framework; name = RealmSwift.framework; path = "realm-swift/osx/swift-3.0/RealmSwift.framework"; sourceTree = "<group>"; };
		1A7C6EBF1DCBFA5E0045D7C0 /* Realm.framework */ = {isa = PBXFileReference; lastKnownFileType = wrapper.framework; name = Realm.framework; path = "realm-swift/ios/swift-3.0/Realm.framework"; sourceTree = "<group>"; };
		1A7C6EC01DCBFA5E0045D7C0 /* RealmSwift.framework */ = {isa = PBXFileReference; lastKnownFileType = wrapper.framework; name = RealmSwift.framework; path = "realm-swift/ios/swift-3.0/RealmSwift.framework"; sourceTree = "<group>"; };
		1A9D37131DAEB32F007C0EDC /* extension_Realm.swift */ = {isa = PBXFileReference; fileEncoding = 4; lastKnownFileType = sourcecode.swift; path = extension_Realm.swift; sourceTree = "<group>"; };
		1A9D37151DAF30F1007C0EDC /* extension_Results.swift */ = {isa = PBXFileReference; fileEncoding = 4; lastKnownFileType = sourcecode.swift; path = extension_Results.swift; sourceTree = "<group>"; };
		1A9D371B1DAF380C007C0EDC /* extension_Query.swift */ = {isa = PBXFileReference; fileEncoding = 4; lastKnownFileType = sourcecode.swift; path = extension_Query.swift; sourceTree = "<group>"; };
		1AAA00681DB9BDFD00D2164D /* alliases.swift */ = {isa = PBXFileReference; lastKnownFileType = sourcecode.swift; path = alliases.swift; sourceTree = "<group>"; };
		1AAA00691DB9BDFD00D2164D /* AnyFileOrDirectory.swift */ = {isa = PBXFileReference; lastKnownFileType = sourcecode.swift; path = AnyFileOrDirectory.swift; sourceTree = "<group>"; };
		1AAA006A1DB9BDFD00D2164D /* AnyNumeric.swift */ = {isa = PBXFileReference; lastKnownFileType = sourcecode.swift; path = AnyNumeric.swift; sourceTree = "<group>"; };
		1AAA006B1DB9BDFD00D2164D /* BoxedNumber.swift */ = {isa = PBXFileReference; lastKnownFileType = sourcecode.swift; path = BoxedNumber.swift; sourceTree = "<group>"; };
		1AAA006C1DB9BDFD00D2164D /* CustomSerialization.swift */ = {isa = PBXFileReference; lastKnownFileType = sourcecode.swift; path = CustomSerialization.swift; sourceTree = "<group>"; };
		1AAA006D1DB9BDFD00D2164D /* Directory.swift */ = {isa = PBXFileReference; lastKnownFileType = sourcecode.swift; path = Directory.swift; sourceTree = "<group>"; };
		1AAA006E1DB9BDFD00D2164D /* extension_Data.swift */ = {isa = PBXFileReference; lastKnownFileType = sourcecode.swift; path = extension_Data.swift; sourceTree = "<group>"; };
		1AAA006F1DB9BDFD00D2164D /* extension_Date.swift */ = {isa = PBXFileReference; lastKnownFileType = sourcecode.swift; path = extension_Date.swift; sourceTree = "<group>"; };
		1AAA00701DB9BDFD00D2164D /* extension_Image.swift */ = {isa = PBXFileReference; lastKnownFileType = sourcecode.swift; path = extension_Image.swift; sourceTree = "<group>"; };
		1AAA00711DB9BDFD00D2164D /* extension_String.swift */ = {isa = PBXFileReference; lastKnownFileType = sourcecode.swift; path = extension_String.swift; sourceTree = "<group>"; };
		1AAA00721DB9BDFD00D2164D /* extension_URL.swift */ = {isa = PBXFileReference; lastKnownFileType = sourcecode.swift; path = extension_URL.swift; sourceTree = "<group>"; };
		1AAA00731DB9BDFD00D2164D /* extension_UUID.swift */ = {isa = PBXFileReference; lastKnownFileType = sourcecode.swift; path = extension_UUID.swift; sourceTree = "<group>"; };
		1AAA00741DB9BDFD00D2164D /* File.swift */ = {isa = PBXFileReference; lastKnownFileType = sourcecode.swift; path = File.swift; sourceTree = "<group>"; };
		1AAA00751DB9BDFD00D2164D /* HTTP.swift */ = {isa = PBXFileReference; lastKnownFileType = sourcecode.swift; path = HTTP.swift; sourceTree = "<group>"; };
		1AAA00761DB9BDFD00D2164D /* JSONSerialization.swift */ = {isa = PBXFileReference; lastKnownFileType = sourcecode.swift; path = JSONSerialization.swift; sourceTree = "<group>"; };
		1AAA00771DB9BDFD00D2164D /* LakestoneError.swift */ = {isa = PBXFileReference; lastKnownFileType = sourcecode.swift; path = LakestoneError.swift; sourceTree = "<group>"; };
		1AAA00791DB9BDFD00D2164D /* PersistentPropertyList.swift */ = {isa = PBXFileReference; lastKnownFileType = sourcecode.swift; path = PersistentPropertyList.swift; sourceTree = "<group>"; };
		1AAA007A1DB9BDFD00D2164D /* Threading.swift */ = {isa = PBXFileReference; lastKnownFileType = sourcecode.swift; path = Threading.swift; sourceTree = "<group>"; };
		1AAA00A11DBA0B1400D2164D /* extension_List.swift */ = {isa = PBXFileReference; fileEncoding = 4; lastKnownFileType = sourcecode.swift; path = extension_List.swift; sourceTree = "<group>"; };
		__PBXFileRef_LakestoneRealm.xcodeproj/Configs/Project.xcconfig /* LakestoneRealm.xcodeproj/Configs/Project.xcconfig */ = {isa = PBXFileReference; lastKnownFileType = text.xcconfig; path = LakestoneRealm.xcodeproj/Configs/Project.xcconfig; sourceTree = "<group>"; };
		__PBXFileRef_Package.swift /* Package.swift */ = {isa = PBXFileReference; lastKnownFileType = sourcecode.swift; path = Package.swift; sourceTree = "<group>"; };
		"__PBXFileRef_Packages/PerfectCURL-0.100.1/Sources/cURL.swift" /* cURL.swift */ = {isa = PBXFileReference; lastKnownFileType = sourcecode.swift; path = cURL.swift; sourceTree = "<group>"; };
		"__PBXFileRef_Packages/PerfectThread-0.100.1/Sources/ThreadQueue.swift" /* ThreadQueue.swift */ = {isa = PBXFileReference; lastKnownFileType = sourcecode.swift; path = ThreadQueue.swift; sourceTree = "<group>"; };
		"__PBXFileRef_Packages/PerfectThread-0.100.1/Sources/Threading.swift" /* Threading.swift */ = {isa = PBXFileReference; lastKnownFileType = sourcecode.swift; path = Threading.swift; sourceTree = "<group>"; };
		__PBXFileRef_Sources/test.swift /* alliases.swift */ = {isa = PBXFileReference; lastKnownFileType = sourcecode.swift; path = alliases.swift; sourceTree = "<group>"; };
		__PBXFileRef_Tests/LakestoneRealmTests/testUtilities.swift /* testUtilities.swift */ = {isa = PBXFileReference; lastKnownFileType = sourcecode.swift; path = testUtilities.swift; sourceTree = "<group>"; };
		"_____Product_LakestoneCore" /* LakestoneCore.framework */ = {isa = PBXFileReference; explicitFileType = wrapper.framework; path = LakestoneCore.framework; sourceTree = BUILT_PRODUCTS_DIR; };
		"_____Product_LakestoneRealm" /* LakestoneRealm.framework */ = {isa = PBXFileReference; explicitFileType = wrapper.framework; path = LakestoneRealm.framework; sourceTree = BUILT_PRODUCTS_DIR; };
		"_____Product_LakestoneRealmTests" /* LakestoneRealmTests.xctest */ = {isa = PBXFileReference; explicitFileType = wrapper.cfbundle; path = LakestoneRealmTests.xctest; sourceTree = BUILT_PRODUCTS_DIR; };
		"_____Product_PerfectCURL" /* PerfectCURL.framework */ = {isa = PBXFileReference; explicitFileType = wrapper.framework; path = PerfectCURL.framework; sourceTree = BUILT_PRODUCTS_DIR; };
		"_____Product_PerfectThread" /* PerfectThread.framework */ = {isa = PBXFileReference; explicitFileType = wrapper.framework; path = PerfectThread.framework; sourceTree = BUILT_PRODUCTS_DIR; };
/* End PBXFileReference section */

/* Begin PBXFrameworksBuildPhase section */
		"___LinkPhase_LakestoneCore" /* Frameworks */ = {
			isa = PBXFrameworksBuildPhase;
			buildActionMask = 0;
			files = (
				_LinkFileRef_PerfectThread_via_LakestoneCore /* PerfectThread.framework in Frameworks */,
				_LinkFileRef_PerfectCURL_via_LakestoneCore /* PerfectCURL.framework in Frameworks */,
			);
			runOnlyForDeploymentPostprocessing = 0;
		};
		"___LinkPhase_LakestoneRealm" /* Frameworks */ = {
			isa = PBXFrameworksBuildPhase;
			buildActionMask = 0;
			files = (
				1A59B0811DD0738B004947A4 /* LakestoneCore.framework in Frameworks */,
				1A7C6EC11DCBFA5E0045D7C0 /* Realm.framework in Frameworks */,
				1A7C6EC21DCBFA5E0045D7C0 /* RealmSwift.framework in Frameworks */,
				_LinkFileRef_PerfectThread_via_LakestoneRealm /* PerfectThread.framework in Frameworks */,
				_LinkFileRef_PerfectCURL_via_LakestoneRealm /* PerfectCURL.framework in Frameworks */,
			);
			runOnlyForDeploymentPostprocessing = 0;
		};
		"___LinkPhase_LakestoneRealmTests" /* Frameworks */ = {
			isa = PBXFrameworksBuildPhase;
			buildActionMask = 0;
			files = (
				1A68EA6F1DAF451800DC5C51 /* Realm.framework in Frameworks */,
				1A68EA701DAF451800DC5C51 /* RealmSwift.framework in Frameworks */,
				_LinkFileRef_PerfectThread_via_LakestoneRealmTests /* PerfectThread.framework in Frameworks */,
				_LinkFileRef_PerfectCURL_via_LakestoneRealmTests /* PerfectCURL.framework in Frameworks */,
				_LinkFileRef_LakestoneCore_via_LakestoneRealmTests /* LakestoneCore.framework in Frameworks */,
				_LinkFileRef_LakestoneRealm_via_LakestoneRealmTests /* LakestoneRealm.framework in Frameworks */,
			);
			runOnlyForDeploymentPostprocessing = 0;
		};
		"___LinkPhase_PerfectCURL" /* Frameworks */ = {
			isa = PBXFrameworksBuildPhase;
			buildActionMask = 0;
			files = (
				_LinkFileRef_PerfectThread_via_PerfectCURL /* PerfectThread.framework in Frameworks */,
			);
			runOnlyForDeploymentPostprocessing = 0;
		};
		"___LinkPhase_PerfectThread" /* Frameworks */ = {
			isa = PBXFrameworksBuildPhase;
			buildActionMask = 0;
			files = (
			);
			runOnlyForDeploymentPostprocessing = 0;
		};
/* End PBXFrameworksBuildPhase section */

/* Begin PBXGroup section */
		1A68EA6C1DAF451800DC5C51 /* Frameworks */ = {
			isa = PBXGroup;
			children = (
				1A4A8F461DCC50F60087700E /* LakestoneCore.framework */,
				1A7C6EBF1DCBFA5E0045D7C0 /* Realm.framework */,
				1A7C6EC01DCBFA5E0045D7C0 /* RealmSwift.framework */,
				1A68EA6D1DAF451800DC5C51 /* Realm.framework */,
				1A68EA6E1DAF451800DC5C51 /* RealmSwift.framework */,
			);
			name = Frameworks;
			sourceTree = "<group>";
		};
		1AAA00671DB9BDFD00D2164D /* LakestoneCore */ = {
			isa = PBXGroup;
			children = (
				1AAA00681DB9BDFD00D2164D /* alliases.swift */,
				1AAA00691DB9BDFD00D2164D /* AnyFileOrDirectory.swift */,
				1AAA006A1DB9BDFD00D2164D /* AnyNumeric.swift */,
				1AAA006B1DB9BDFD00D2164D /* BoxedNumber.swift */,
				1AAA006C1DB9BDFD00D2164D /* CustomSerialization.swift */,
				1AAA006D1DB9BDFD00D2164D /* Directory.swift */,
				1AAA006E1DB9BDFD00D2164D /* extension_Data.swift */,
				1AAA006F1DB9BDFD00D2164D /* extension_Date.swift */,
				1AAA00701DB9BDFD00D2164D /* extension_Image.swift */,
				1AAA00711DB9BDFD00D2164D /* extension_String.swift */,
				1AAA00721DB9BDFD00D2164D /* extension_URL.swift */,
				1AAA00731DB9BDFD00D2164D /* extension_UUID.swift */,
				1A4A8F481DCC511E0087700E /* extension_Locale.swift */,
				1A4A8F4A1DCC51250087700E /* extension_Location.swift */,
				1AAA00741DB9BDFD00D2164D /* File.swift */,
				1AAA00751DB9BDFD00D2164D /* HTTP.swift */,
				1AAA00761DB9BDFD00D2164D /* JSONSerialization.swift */,
				1AAA00771DB9BDFD00D2164D /* LakestoneError.swift */,
				1AAA00791DB9BDFD00D2164D /* PersistentPropertyList.swift */,
				1AAA007A1DB9BDFD00D2164D /* Threading.swift */,
			);
			name = LakestoneCore;
			path = "Packages/LakestoneCore-0.0.5/Source";
			sourceTree = "<group>";
		};
		Dependencies_ /* Dependencies */ = {
			isa = PBXGroup;
			children = (
				1AAA00671DB9BDFD00D2164D /* LakestoneCore */,
				"_______Group_PerfectCURL" /* PerfectCURL */,
				"_______Group_PerfectThread" /* PerfectThread */,
			);
			name = Dependencies;
			sourceTree = "<group>";
		};
		TestProducts_ /* Tests */ = {
			isa = PBXGroup;
			children = (
				"_____Product_LakestoneRealmTests" /* LakestoneRealmTests.xctest */,
			);
			name = Tests;
			sourceTree = "<group>";
		};
		"___RootGroup_" = {
			isa = PBXGroup;
			children = (
				__PBXFileRef_Package.swift /* Package.swift */,
				"_____Configs_" /* Configs */,
				"_____Sources_" /* Sources */,
				Dependencies_ /* Dependencies */,
				"_______Tests_" /* Tests */,
				"____Products_" /* Products */,
				1A68EA6C1DAF451800DC5C51 /* Frameworks */,
			);
			sourceTree = "<group>";
		};
		"____Products_" /* Products */ = {
			isa = PBXGroup;
			children = (
				TestProducts_ /* Tests */,
				"_____Product_PerfectThread" /* PerfectThread.framework */,
				"_____Product_PerfectCURL" /* PerfectCURL.framework */,
				"_____Product_LakestoneCore" /* LakestoneCore.framework */,
				"_____Product_LakestoneRealm" /* LakestoneRealm.framework */,
			);
			name = Products;
			sourceTree = "<group>";
		};
		"_____Configs_" /* Configs */ = {
			isa = PBXGroup;
			children = (
				__PBXFileRef_LakestoneRealm.xcodeproj/Configs/Project.xcconfig /* LakestoneRealm.xcodeproj/Configs/Project.xcconfig */,
			);
			name = Configs;
			sourceTree = "<group>";
		};
		"_____Sources_" /* Sources */ = {
			isa = PBXGroup;
			children = (
				"_______Group_LakestoneRealm" /* LakestoneRealm */,
			);
			name = Sources;
			sourceTree = "<group>";
		};
		"_______Group_LakestoneRealm" /* LakestoneRealm */ = {
			isa = PBXGroup;
			children = (
				__PBXFileRef_Sources/test.swift /* alliases.swift */,
				1A9D37131DAEB32F007C0EDC /* extension_Realm.swift */,
				1AAA00A11DBA0B1400D2164D /* extension_List.swift */,
				1A9D37151DAF30F1007C0EDC /* extension_Results.swift */,
				1A9D371B1DAF380C007C0EDC /* extension_Query.swift */,
				1A489F351DC1E65A00CFB34F /* extension_Object.swift */,
			);
			name = LakestoneRealm;
			path = Sources;
			sourceTree = "<group>";
		};
		"_______Group_LakestoneRealmTests" /* LakestoneRealmTests */ = {
			isa = PBXGroup;
			children = (
				__PBXFileRef_Tests/LakestoneRealmTests/testUtilities.swift /* testUtilities.swift */,
				1A68EA6A1DAF439500DC5C51 /* TestRealm.swift */,
			);
			name = LakestoneRealmTests;
			path = Tests/LakestoneRealmTests;
			sourceTree = "<group>";
		};
		"_______Group_PerfectCURL" /* PerfectCURL */ = {
			isa = PBXGroup;
			children = (
				"__PBXFileRef_Packages/PerfectCURL-0.100.1/Sources/cURL.swift" /* cURL.swift */,
			);
			name = PerfectCURL;
			path = "Packages/PerfectCURL-0.100.1/Sources";
			sourceTree = "<group>";
		};
		"_______Group_PerfectThread" /* PerfectThread */ = {
			isa = PBXGroup;
			children = (
				"__PBXFileRef_Packages/PerfectThread-0.100.1/Sources/Threading.swift" /* Threading.swift */,
				"__PBXFileRef_Packages/PerfectThread-0.100.1/Sources/ThreadQueue.swift" /* ThreadQueue.swift */,
			);
			name = PerfectThread;
			path = "Packages/PerfectThread-0.100.1/Sources";
			sourceTree = "<group>";
		};
		"_______Tests_" /* Tests */ = {
			isa = PBXGroup;
			children = (
				"_______Group_LakestoneRealmTests" /* LakestoneRealmTests */,
			);
			name = Tests;
			sourceTree = "<group>";
		};
/* End PBXGroup section */

/* Begin PBXNativeTarget section */
		"______Target_LakestoneCore" /* LakestoneCore */ = {
			isa = PBXNativeTarget;
			buildConfigurationList = "_______Confs_LakestoneCore" /* Build configuration list for PBXNativeTarget "LakestoneCore" */;
			buildPhases = (
				CompilePhase_LakestoneCore /* Sources */,
				"___LinkPhase_LakestoneCore" /* Frameworks */,
			);
			buildRules = (
			);
			dependencies = (
				__Dependency_PerfectThread /* PBXTargetDependency */,
				__Dependency_PerfectCURL /* PBXTargetDependency */,
			);
			name = LakestoneCore;
			productName = LakestoneCore;
			productReference = "_____Product_LakestoneCore" /* LakestoneCore.framework */;
			productType = "com.apple.product-type.framework";
		};
		"______Target_LakestoneRealm" /* LakestoneRealm */ = {
			isa = PBXNativeTarget;
			buildConfigurationList = "_______Confs_LakestoneRealm" /* Build configuration list for PBXNativeTarget "LakestoneRealm" */;
			buildPhases = (
				CompilePhase_LakestoneRealm /* Sources */,
				"___LinkPhase_LakestoneRealm" /* Frameworks */,
			);
			buildRules = (
			);
			dependencies = (
				__Dependency_PerfectThread /* PBXTargetDependency */,
				__Dependency_PerfectCURL /* PBXTargetDependency */,
				__Dependency_LakestoneCore /* PBXTargetDependency */,
			);
			name = LakestoneRealm;
			productName = LakestoneRealm;
			productReference = "_____Product_LakestoneRealm" /* LakestoneRealm.framework */;
			productType = "com.apple.product-type.framework";
		};
		"______Target_LakestoneRealmTests" /* LakestoneRealmTests */ = {
			isa = PBXNativeTarget;
			buildConfigurationList = "_______Confs_LakestoneRealmTests" /* Build configuration list for PBXNativeTarget "LakestoneRealmTests" */;
			buildPhases = (
				CompilePhase_LakestoneRealmTests /* Sources */,
				"___LinkPhase_LakestoneRealmTests" /* Frameworks */,
			);
			buildRules = (
			);
			dependencies = (
				__Dependency_PerfectThread /* PBXTargetDependency */,
				__Dependency_PerfectCURL /* PBXTargetDependency */,
				__Dependency_LakestoneCore /* PBXTargetDependency */,
				__Dependency_LakestoneRealm /* PBXTargetDependency */,
			);
			name = LakestoneRealmTests;
			productName = LakestoneRealmTests;
			productReference = "_____Product_LakestoneRealmTests" /* LakestoneRealmTests.xctest */;
			productType = "com.apple.product-type.bundle.unit-test";
		};
		"______Target_PerfectCURL" /* PerfectCURL */ = {
			isa = PBXNativeTarget;
			buildConfigurationList = "_______Confs_PerfectCURL" /* Build configuration list for PBXNativeTarget "PerfectCURL" */;
			buildPhases = (
				CompilePhase_PerfectCURL /* Sources */,
				"___LinkPhase_PerfectCURL" /* Frameworks */,
			);
			buildRules = (
			);
			dependencies = (
				__Dependency_PerfectThread /* PBXTargetDependency */,
			);
			name = PerfectCURL;
			productName = PerfectCURL;
			productReference = "_____Product_PerfectCURL" /* PerfectCURL.framework */;
			productType = "com.apple.product-type.framework";
		};
		"______Target_PerfectThread" /* PerfectThread */ = {
			isa = PBXNativeTarget;
			buildConfigurationList = "_______Confs_PerfectThread" /* Build configuration list for PBXNativeTarget "PerfectThread" */;
			buildPhases = (
				CompilePhase_PerfectThread /* Sources */,
				"___LinkPhase_PerfectThread" /* Frameworks */,
			);
			buildRules = (
			);
			dependencies = (
			);
			name = PerfectThread;
			productName = PerfectThread;
			productReference = "_____Product_PerfectThread" /* PerfectThread.framework */;
			productType = "com.apple.product-type.framework";
		};
/* End PBXNativeTarget section */

/* Begin PBXProject section */
		__RootObject_ /* Project object */ = {
			isa = PBXProject;
			attributes = {
				LastUpgradeCheck = 9999;
			};
			buildConfigurationList = "___RootConfs_" /* Build configuration list for PBXProject "LakestoneRealm" */;
			compatibilityVersion = "Xcode 3.2";
			developmentRegion = English;
			hasScannedForEncodings = 0;
			knownRegions = (
				en,
			);
			mainGroup = "___RootGroup_";
			productRefGroup = "____Products_" /* Products */;
			projectDirPath = "";
			projectRoot = "";
			targets = (
				"______Target_PerfectThread" /* PerfectThread */,
				"______Target_PerfectCURL" /* PerfectCURL */,
				"______Target_LakestoneCore" /* LakestoneCore */,
				"______Target_LakestoneRealm" /* LakestoneRealm */,
				"______Target_LakestoneRealmTests" /* LakestoneRealmTests */,
			);
		};
/* End PBXProject section */

/* Begin PBXSourcesBuildPhase section */
		CompilePhase_LakestoneCore /* Sources */ = {
			isa = PBXSourcesBuildPhase;
			buildActionMask = 0;
			files = (
				1A4A8F4D1DCC515F0087700E /* extension_Locale.swift in Sources */,
				1AAA00A01DB9BE2C00D2164D /* Threading.swift in Sources */,
				1AAA009B1DB9BE2C00D2164D /* HTTP.swift in Sources */,
				1AAA00951DB9BE2B00D2164D /* extension_Date.swift in Sources */,
				1AAA00961DB9BE2B00D2164D /* extension_Image.swift in Sources */,
				1AAA00931DB9BE2B00D2164D /* Directory.swift in Sources */,
				1AAA00971DB9BE2C00D2164D /* extension_String.swift in Sources */,
				1AAA008F1DB9BE2B00D2164D /* AnyFileOrDirectory.swift in Sources */,
				1AAA00981DB9BE2C00D2164D /* extension_URL.swift in Sources */,
				1AAA009D1DB9BE2C00D2164D /* LakestoneError.swift in Sources */,
				1AAA00911DB9BE2B00D2164D /* BoxedNumber.swift in Sources */,
				1AAA00991DB9BE2C00D2164D /* extension_UUID.swift in Sources */,
				1A9D371C1DAF380C007C0EDC /* extension_Query.swift in Sources */,
				1AAA009F1DB9BE2C00D2164D /* PersistentPropertyList.swift in Sources */,
				1AAA009C1DB9BE2C00D2164D /* JSONSerialization.swift in Sources */,
				1AAA009A1DB9BE2C00D2164D /* File.swift in Sources */,
				1AAA00901DB9BE2B00D2164D /* AnyNumeric.swift in Sources */,
				1A4A8F4C1DCC51590087700E /* extension_Location.swift in Sources */,
				1AAA00941DB9BE2B00D2164D /* extension_Data.swift in Sources */,
				1AAA008E1DB9BE2B00D2164D /* alliases.swift in Sources */,
				1AAA00921DB9BE2B00D2164D /* CustomSerialization.swift in Sources */,
			);
			runOnlyForDeploymentPostprocessing = 0;
		};
		CompilePhase_LakestoneRealm /* Sources */ = {
			isa = PBXSourcesBuildPhase;
			buildActionMask = 0;
			files = (
				1A489F361DC1E65A00CFB34F /* extension_Object.swift in Sources */,
				__src_cc_ref_Sources/test.swift /* alliases.swift in Sources */,
				1A9D37161DAF30F1007C0EDC /* extension_Results.swift in Sources */,
				1A9D37141DAEB32F007C0EDC /* extension_Realm.swift in Sources */,
				1AAA00A21DBA0B1400D2164D /* extension_List.swift in Sources */,
			);
			runOnlyForDeploymentPostprocessing = 0;
		};
		CompilePhase_LakestoneRealmTests /* Sources */ = {
			isa = PBXSourcesBuildPhase;
			buildActionMask = 0;
			files = (
				1A68EA6B1DAF439500DC5C51 /* TestRealm.swift in Sources */,
				__src_cc_ref_Tests/LakestoneRealmTests/testUtilities.swift /* testUtilities.swift in Sources */,
			);
			runOnlyForDeploymentPostprocessing = 0;
		};
		CompilePhase_PerfectCURL /* Sources */ = {
			isa = PBXSourcesBuildPhase;
			buildActionMask = 0;
			files = (
				"__src_cc_ref_Packages/PerfectCURL-0.100.1/Sources/cURL.swift" /* cURL.swift in Sources */,
			);
			runOnlyForDeploymentPostprocessing = 0;
		};
		CompilePhase_PerfectThread /* Sources */ = {
			isa = PBXSourcesBuildPhase;
			buildActionMask = 0;
			files = (
				"__src_cc_ref_Packages/PerfectThread-0.100.1/Sources/Threading.swift" /* Threading.swift in Sources */,
				"__src_cc_ref_Packages/PerfectThread-0.100.1/Sources/ThreadQueue.swift" /* ThreadQueue.swift in Sources */,
			);
			runOnlyForDeploymentPostprocessing = 0;
		};
/* End PBXSourcesBuildPhase section */

/* Begin PBXTargetDependency section */
		__Dependency_LakestoneCore /* PBXTargetDependency */ = {
			isa = PBXTargetDependency;
			target = "______Target_LakestoneCore" /* LakestoneCore */;
			targetProxy = 1A9D37111DAEAB0E007C0EDC /* PBXContainerItemProxy */;
		};
		__Dependency_LakestoneRealm /* PBXTargetDependency */ = {
			isa = PBXTargetDependency;
			target = "______Target_LakestoneRealm" /* LakestoneRealm */;
			targetProxy = 1A9D37121DAEAB0E007C0EDC /* PBXContainerItemProxy */;
		};
		__Dependency_PerfectCURL /* PBXTargetDependency */ = {
			isa = PBXTargetDependency;
			target = "______Target_PerfectCURL" /* PerfectCURL */;
			targetProxy = 1A9D37101DAEAB0E007C0EDC /* PBXContainerItemProxy */;
		};
		__Dependency_PerfectThread /* PBXTargetDependency */ = {
			isa = PBXTargetDependency;
			target = "______Target_PerfectThread" /* PerfectThread */;
			targetProxy = 1A9D370F1DAEAB0E007C0EDC /* PBXContainerItemProxy */;
		};
/* End PBXTargetDependency section */

/* Begin XCBuildConfiguration section */
		_ReleaseConf_LakestoneCore /* Release */ = {
			isa = XCBuildConfiguration;
			buildSettings = {
				ENABLE_TESTABILITY = YES;
				FRAMEWORK_SEARCH_PATHS = "$(PLATFORM_DIR)/Developer/Library/Frameworks";
				HEADER_SEARCH_PATHS = "/Users/hurden/Developer/Lakestone/LakestoneRealm/Packages/cURL-2.0.0";
				INFOPLIST_FILE = LakestoneRealm.xcodeproj/LakestoneCore_Info.plist;
				IPHONEOS_DEPLOYMENT_TARGET = 8.0;
				LD_RUNPATH_SEARCH_PATHS = "$(TOOLCHAIN_DIR)/usr/lib/swift/macosx";
				OTHER_LDFLAGS = "$(inherited)";
				OTHER_SWIFT_FLAGS = "$(inherited)";
				PRODUCT_BUNDLE_IDENTIFIER = LakestoneCore;
				PRODUCT_MODULE_NAME = "$(TARGET_NAME:c99extidentifier)";
				PRODUCT_NAME = "$(TARGET_NAME:c99extidentifier)";
				SKIP_INSTALL = YES;
				SWIFT_VERSION = 3.0.1;
			};
			name = Release;
		};
		_ReleaseConf_LakestoneRealm /* Release */ = {
			isa = XCBuildConfiguration;
			buildSettings = {
				ENABLE_TESTABILITY = YES;
				FRAMEWORK_SEARCH_PATHS = "$(PROJECT_DIR)/realm-swift/ios/swift-3.0.1";
				"FRAMEWORK_SEARCH_PATHS[sdk=macosx*]" = "$(PLATFORM_DIR)/Developer/Library/Frameworks";
				HEADER_SEARCH_PATHS = "/Users/hurden/Developer/Lakestone/LakestoneRealm/Packages/cURL-2.0.0";
				INFOPLIST_FILE = LakestoneRealm.xcodeproj/LakestoneRealm_Info.plist;
				IPHONEOS_DEPLOYMENT_TARGET = 8.0;
				LD_RUNPATH_SEARCH_PATHS = "$(TOOLCHAIN_DIR)/usr/lib/swift/macosx";
				OTHER_LDFLAGS = (
					"$(inherited)",
					"-framework",
					Realm,
					"-framework",
					RealmSwift,
				);
				OTHER_SWIFT_FLAGS = "$(inherited)";
				PRODUCT_BUNDLE_IDENTIFIER = LakestoneRealm;
				PRODUCT_MODULE_NAME = "$(TARGET_NAME:c99extidentifier)";
				PRODUCT_NAME = "$(TARGET_NAME:c99extidentifier)";
				SKIP_INSTALL = YES;
				SWIFT_VERSION = 3.0.1;
			};
			name = Release;
		};
		_ReleaseConf_LakestoneRealmTests /* Release */ = {
			isa = XCBuildConfiguration;
			buildSettings = {
				EMBEDDED_CONTENT_CONTAINS_SWIFT = YES;
				FRAMEWORK_SEARCH_PATHS = (
					"$(PLATFORM_DIR)/Developer/Library/Frameworks",
					"$(PROJECT_DIR)/realm-swift/osx/swift-3.0",
				);
				HEADER_SEARCH_PATHS = "/Users/hurden/Developer/Lakestone/LakestoneRealm/Packages/cURL-2.0.0";
				INFOPLIST_FILE = LakestoneRealm.xcodeproj/LakestoneRealmTests_Info.plist;
				LD_RUNPATH_SEARCH_PATHS = "@loader_path/../Frameworks $(PROJECT_DIR)/realm-swift/osx/swift-3.0";
				OTHER_LDFLAGS = "";
				OTHER_SWIFT_FLAGS = "$(inherited)";
				SWIFT_VERSION = 3.0;
			};
			name = Release;
		};
		_ReleaseConf_PerfectCURL /* Release */ = {
			isa = XCBuildConfiguration;
			buildSettings = {
				ENABLE_TESTABILITY = YES;
				FRAMEWORK_SEARCH_PATHS = "$(PLATFORM_DIR)/Developer/Library/Frameworks";
				HEADER_SEARCH_PATHS = "/Users/hurden/Developer/Lakestone/LakestoneRealm/Packages/cURL-2.0.0";
				INFOPLIST_FILE = LakestoneRealm.xcodeproj/PerfectCURL_Info.plist;
				IPHONEOS_DEPLOYMENT_TARGET = 8.0;
				LD_RUNPATH_SEARCH_PATHS = "$(TOOLCHAIN_DIR)/usr/lib/swift/macosx";
				OTHER_LDFLAGS = "$(inherited)";
				OTHER_SWIFT_FLAGS = "$(inherited)";
				PRODUCT_BUNDLE_IDENTIFIER = PerfectCURL;
				PRODUCT_MODULE_NAME = "$(TARGET_NAME:c99extidentifier)";
				PRODUCT_NAME = "$(TARGET_NAME:c99extidentifier)";
				SKIP_INSTALL = YES;
				SWIFT_VERSION = 3.0.1;
			};
			name = Release;
		};
		_ReleaseConf_PerfectThread /* Release */ = {
			isa = XCBuildConfiguration;
			buildSettings = {
				ENABLE_TESTABILITY = YES;
				FRAMEWORK_SEARCH_PATHS = "$(PLATFORM_DIR)/Developer/Library/Frameworks";
				INFOPLIST_FILE = LakestoneRealm.xcodeproj/PerfectThread_Info.plist;
				IPHONEOS_DEPLOYMENT_TARGET = 8.0;
				LD_RUNPATH_SEARCH_PATHS = "$(TOOLCHAIN_DIR)/usr/lib/swift/macosx";
				OTHER_LDFLAGS = "$(inherited)";
				OTHER_SWIFT_FLAGS = "$(inherited)";
				PRODUCT_BUNDLE_IDENTIFIER = PerfectThread;
				PRODUCT_MODULE_NAME = "$(TARGET_NAME:c99extidentifier)";
				PRODUCT_NAME = "$(TARGET_NAME:c99extidentifier)";
				SKIP_INSTALL = YES;
				SWIFT_VERSION = 3.0.1;
			};
			name = Release;
		};
		"___DebugConf_LakestoneCore" /* Debug */ = {
			isa = XCBuildConfiguration;
			buildSettings = {
				ENABLE_TESTABILITY = YES;
				FRAMEWORK_SEARCH_PATHS = "$(PLATFORM_DIR)/Developer/Library/Frameworks";
				HEADER_SEARCH_PATHS = "/Users/hurden/Developer/Lakestone/LakestoneRealm/Packages/cURL-2.0.0";
				INFOPLIST_FILE = LakestoneRealm.xcodeproj/LakestoneCore_Info.plist;
				IPHONEOS_DEPLOYMENT_TARGET = 8.0;
				LD_RUNPATH_SEARCH_PATHS = "$(TOOLCHAIN_DIR)/usr/lib/swift/macosx";
				OTHER_LDFLAGS = "$(inherited)";
				OTHER_SWIFT_FLAGS = "$(inherited)";
				PRODUCT_BUNDLE_IDENTIFIER = LakestoneCore;
				PRODUCT_MODULE_NAME = "$(TARGET_NAME:c99extidentifier)";
				PRODUCT_NAME = "$(TARGET_NAME:c99extidentifier)";
				SKIP_INSTALL = YES;
				SWIFT_OPTIMIZATION_LEVEL = "-Onone";
				SWIFT_VERSION = 3.0.1;
			};
			name = Debug;
		};
		"___DebugConf_LakestoneRealm" /* Debug */ = {
			isa = XCBuildConfiguration;
			buildSettings = {
				ENABLE_TESTABILITY = YES;
				FRAMEWORK_SEARCH_PATHS = "$(PROJECT_DIR)/realm-swift/ios/swift-3.0.1";
				"FRAMEWORK_SEARCH_PATHS[sdk=appletvos*]" = "$(SRCROOT)/realm-swift/tvos/swift-3.0.1/";
				"FRAMEWORK_SEARCH_PATHS[sdk=appletvsimulator*]" = "$(SRCROOT)/realm-swift/tvos/swift-3.0.1/";
				"FRAMEWORK_SEARCH_PATHS[sdk=iphoneos*]" = "$(SRCROOT)/realm-swift/ios/swift-3.0.1/";
				"FRAMEWORK_SEARCH_PATHS[sdk=iphonesimulator*]" = "$(SRCROOT)/realm-swift/ios/swift-3.0.1/";
				"FRAMEWORK_SEARCH_PATHS[sdk=macosx*]" = (
					"$(PLATFORM_DIR)/Developer/Library/Frameworks",
					"$(SRCROOT)/realm-swift/osx/swift-3.0.1/",
				);
				"FRAMEWORK_SEARCH_PATHS[sdk=watchos*]" = "$(SRCROOT)/realm-swift/watchos/swift-3.0.1/";
				"FRAMEWORK_SEARCH_PATHS[sdk=watchsimulator*]" = "$(SRCROOT)/realm-swift/watchos/swift-3.0.1/";
				HEADER_SEARCH_PATHS = "/Users/hurden/Developer/Lakestone/LakestoneRealm/Packages/cURL-2.0.0";
				INFOPLIST_FILE = LakestoneRealm.xcodeproj/LakestoneRealm_Info.plist;
				IPHONEOS_DEPLOYMENT_TARGET = 8.0;
				LD_RUNPATH_SEARCH_PATHS = "$(TOOLCHAIN_DIR)/usr/lib/swift/macosx";
				OTHER_LDFLAGS = (
					"$(inherited)",
					"-framework",
					Realm,
					"-framework",
					RealmSwift,
				);
				OTHER_SWIFT_FLAGS = "$(inherited)";
				PRODUCT_BUNDLE_IDENTIFIER = LakestoneRealm;
				PRODUCT_MODULE_NAME = "$(TARGET_NAME:c99extidentifier)";
				PRODUCT_NAME = "$(TARGET_NAME:c99extidentifier)";
				SKIP_INSTALL = YES;
				SWIFT_OPTIMIZATION_LEVEL = "-Onone";
				SWIFT_VERSION = 3.0.1;
			};
			name = Debug;
		};
		"___DebugConf_LakestoneRealmTests" /* Debug */ = {
			isa = XCBuildConfiguration;
			buildSettings = {
				EMBEDDED_CONTENT_CONTAINS_SWIFT = YES;
				FRAMEWORK_SEARCH_PATHS = (
					"$(PLATFORM_DIR)/Developer/Library/Frameworks",
					"$(PROJECT_DIR)/realm-swift/osx/swift-3.0",
				);
				HEADER_SEARCH_PATHS = "/Users/hurden/Developer/Lakestone/LakestoneRealm/Packages/cURL-2.0.0";
				INFOPLIST_FILE = LakestoneRealm.xcodeproj/LakestoneRealmTests_Info.plist;
				LD_RUNPATH_SEARCH_PATHS = "@loader_path/../Frameworks $(PROJECT_DIR)/realm-swift/osx/swift-3.0";
				OTHER_LDFLAGS = "";
				OTHER_SWIFT_FLAGS = "$(inherited)";
				SWIFT_OPTIMIZATION_LEVEL = "-Onone";
				SWIFT_VERSION = 3.0;
			};
			name = Debug;
		};
		"___DebugConf_PerfectCURL" /* Debug */ = {
			isa = XCBuildConfiguration;
			buildSettings = {
				ENABLE_TESTABILITY = YES;
				FRAMEWORK_SEARCH_PATHS = "$(PLATFORM_DIR)/Developer/Library/Frameworks";
				HEADER_SEARCH_PATHS = "/Users/hurden/Developer/Lakestone/LakestoneRealm/Packages/cURL-2.0.0";
				INFOPLIST_FILE = LakestoneRealm.xcodeproj/PerfectCURL_Info.plist;
				IPHONEOS_DEPLOYMENT_TARGET = 8.0;
				LD_RUNPATH_SEARCH_PATHS = "$(TOOLCHAIN_DIR)/usr/lib/swift/macosx";
				OTHER_LDFLAGS = "$(inherited)";
				OTHER_SWIFT_FLAGS = "$(inherited)";
				PRODUCT_BUNDLE_IDENTIFIER = PerfectCURL;
				PRODUCT_MODULE_NAME = "$(TARGET_NAME:c99extidentifier)";
				PRODUCT_NAME = "$(TARGET_NAME:c99extidentifier)";
				SKIP_INSTALL = YES;
				SWIFT_OPTIMIZATION_LEVEL = "-Onone";
				SWIFT_VERSION = 3.0.1;
			};
			name = Debug;
		};
		"___DebugConf_PerfectThread" /* Debug */ = {
			isa = XCBuildConfiguration;
			buildSettings = {
				ENABLE_TESTABILITY = YES;
				FRAMEWORK_SEARCH_PATHS = "$(PLATFORM_DIR)/Developer/Library/Frameworks";
				INFOPLIST_FILE = LakestoneRealm.xcodeproj/PerfectThread_Info.plist;
				IPHONEOS_DEPLOYMENT_TARGET = 8.0;
				LD_RUNPATH_SEARCH_PATHS = "$(TOOLCHAIN_DIR)/usr/lib/swift/macosx";
				OTHER_LDFLAGS = "$(inherited)";
				OTHER_SWIFT_FLAGS = "$(inherited)";
				PRODUCT_BUNDLE_IDENTIFIER = PerfectThread;
				PRODUCT_MODULE_NAME = "$(TARGET_NAME:c99extidentifier)";
				PRODUCT_NAME = "$(TARGET_NAME:c99extidentifier)";
				SKIP_INSTALL = YES;
				SWIFT_OPTIMIZATION_LEVEL = "-Onone";
				SWIFT_VERSION = 3.0.1;
			};
			name = Debug;
		};
		"_____Release_" /* Release */ = {
			isa = XCBuildConfiguration;
			baseConfigurationReference = __PBXFileRef_LakestoneRealm.xcodeproj/Configs/Project.xcconfig /* LakestoneRealm.xcodeproj/Configs/Project.xcconfig */;
			buildSettings = {
			};
			name = Release;
		};
		"_______Debug_" /* Debug */ = {
			isa = XCBuildConfiguration;
			baseConfigurationReference = __PBXFileRef_LakestoneRealm.xcodeproj/Configs/Project.xcconfig /* LakestoneRealm.xcodeproj/Configs/Project.xcconfig */;
			buildSettings = {
			};
			name = Debug;
		};
/* End XCBuildConfiguration section */

/* Begin XCConfigurationList section */
		"___RootConfs_" /* Build configuration list for PBXProject "LakestoneRealm" */ = {
			isa = XCConfigurationList;
			buildConfigurations = (
				"_______Debug_" /* Debug */,
				"_____Release_" /* Release */,
			);
			defaultConfigurationIsVisible = 0;
			defaultConfigurationName = Debug;
		};
		"_______Confs_LakestoneCore" /* Build configuration list for PBXNativeTarget "LakestoneCore" */ = {
			isa = XCConfigurationList;
			buildConfigurations = (
				"___DebugConf_LakestoneCore" /* Debug */,
				_ReleaseConf_LakestoneCore /* Release */,
			);
			defaultConfigurationIsVisible = 0;
			defaultConfigurationName = Debug;
		};
		"_______Confs_LakestoneRealm" /* Build configuration list for PBXNativeTarget "LakestoneRealm" */ = {
			isa = XCConfigurationList;
			buildConfigurations = (
				"___DebugConf_LakestoneRealm" /* Debug */,
				_ReleaseConf_LakestoneRealm /* Release */,
			);
			defaultConfigurationIsVisible = 0;
			defaultConfigurationName = Debug;
		};
		"_______Confs_LakestoneRealmTests" /* Build configuration list for PBXNativeTarget "LakestoneRealmTests" */ = {
			isa = XCConfigurationList;
			buildConfigurations = (
				"___DebugConf_LakestoneRealmTests" /* Debug */,
				_ReleaseConf_LakestoneRealmTests /* Release */,
			);
			defaultConfigurationIsVisible = 0;
			defaultConfigurationName = Debug;
		};
		"_______Confs_PerfectCURL" /* Build configuration list for PBXNativeTarget "PerfectCURL" */ = {
			isa = XCConfigurationList;
			buildConfigurations = (
				"___DebugConf_PerfectCURL" /* Debug */,
				_ReleaseConf_PerfectCURL /* Release */,
			);
			defaultConfigurationIsVisible = 0;
			defaultConfigurationName = Debug;
		};
		"_______Confs_PerfectThread" /* Build configuration list for PBXNativeTarget "PerfectThread" */ = {
			isa = XCConfigurationList;
			buildConfigurations = (
				"___DebugConf_PerfectThread" /* Debug */,
				_ReleaseConf_PerfectThread /* Release */,
			);
			defaultConfigurationIsVisible = 0;
			defaultConfigurationName = Debug;
		};
/* End XCConfigurationList section */
	};
	rootObject = __RootObject_ /* Project object */;
}
